// !$*UTF8*$!
{
	archiveVersion = 1;
	classes = {
	};
	objectVersion = 50;
	objects = {

/* Begin PBXBuildFile section */
		BB738A4C2849D31200FC059A /* AppDelegate.m in Sources */ = {isa = PBXBuildFile; fileRef = BB738A4B2849D31200FC059A /* AppDelegate.m */; };
		BB738A4F2849D31200FC059A /* SceneDelegate.m in Sources */ = {isa = PBXBuildFile; fileRef = BB738A4E2849D31200FC059A /* SceneDelegate.m */; };
		BB738A522849D31200FC059A /* ViewController.m in Sources */ = {isa = PBXBuildFile; fileRef = BB738A512849D31200FC059A /* ViewController.m */; };
		BB738A552849D31200FC059A /* Main.storyboard in Resources */ = {isa = PBXBuildFile; fileRef = BB738A532849D31200FC059A /* Main.storyboard */; };
		BB738A572849D31D00FC059A /* Assets.xcassets in Resources */ = {isa = PBXBuildFile; fileRef = BB738A562849D31D00FC059A /* Assets.xcassets */; };
		BB738A5A2849D31D00FC059A /* LaunchScreen.storyboard in Resources */ = {isa = PBXBuildFile; fileRef = BB738A582849D31D00FC059A /* LaunchScreen.storyboard */; };
		BB738A5D2849D31D00FC059A /* main.m in Sources */ = {isa = PBXBuildFile; fileRef = BB738A5C2849D31D00FC059A /* main.m */; };
		BB738A672849D31D00FC059A /* ObjectiveCSampleTests.m in Sources */ = {isa = PBXBuildFile; fileRef = BB738A662849D31D00FC059A /* ObjectiveCSampleTests.m */; };
		BB738A722849D31D00FC059A /* ObjectiveCSampleUITests.m in Sources */ = {isa = PBXBuildFile; fileRef = BB738A712849D31D00FC059A /* ObjectiveCSampleUITests.m */; };
		BB738A94284A03CF00FC059A /* libiosAppiceSDK_v1.7.35.a in Frameworks */ = {isa = PBXBuildFile; fileRef = BB738A80284A03CE00FC059A /* libiosAppiceSDK_v1.7.35.a */; };
		BB738A95284A03CF00FC059A /* isrgrootx1.der in Resources */ = {isa = PBXBuildFile; fileRef = BB738A83284A03CE00FC059A /* isrgrootx1.der */; };
		BB738A96284A03CF00FC059A /* lets-encrypt-r3.der in Resources */ = {isa = PBXBuildFile; fileRef = BB738A88284A03CE00FC059A /* lets-encrypt-r3.der */; };
		BB738A97284A03CF00FC059A /* BugfenderSDK.framework in Frameworks */ = {isa = PBXBuildFile; fileRef = BB738A89284A03CE00FC059A /* BugfenderSDK.framework */; };
		BB738A98284A03CF00FC059A /* appICEBundle.bundle in Resources */ = {isa = PBXBuildFile; fileRef = BB738A8B284A03CE00FC059A /* appICEBundle.bundle */; };
		BB738A99284A03CF00FC059A /* VersionInfo.plist in Resources */ = {isa = PBXBuildFile; fileRef = BB738A8D284A03CE00FC059A /* VersionInfo.plist */; };
		BB738A9A284A03CF00FC059A /* appICE 4.omo in Resources */ = {isa = PBXBuildFile; fileRef = BB738A8E284A03CE00FC059A /* appICE 4.omo */; };
		BB738A9B284A03CF00FC059A /* appICE 3.mom in Resources */ = {isa = PBXBuildFile; fileRef = BB738A8F284A03CE00FC059A /* appICE 3.mom */; };
		BB738A9C284A03CF00FC059A /* appICE 2.mom in Resources */ = {isa = PBXBuildFile; fileRef = BB738A90284A03CE00FC059A /* appICE 2.mom */; };
		BB738A9D284A03CF00FC059A /* appICE2.mom in Resources */ = {isa = PBXBuildFile; fileRef = BB738A91284A03CE00FC059A /* appICE2.mom */; };
		BB738A9E284A03CF00FC059A /* appICE 4.mom in Resources */ = {isa = PBXBuildFile; fileRef = BB738A92284A03CE00FC059A /* appICE 4.mom */; };
		BB738A9F284A03CF00FC059A /* appICE.mom in Resources */ = {isa = PBXBuildFile; fileRef = BB738A93284A03CE00FC059A /* appICE.mom */; };
		BB738AA2284A03EF00FC059A /* InboxMessageViewController.m in Sources */ = {isa = PBXBuildFile; fileRef = BB738AA1284A03EF00FC059A /* InboxMessageViewController.m */; };
		BB738AA6284A068300FC059A /* SystemConfiguration.framework in Frameworks */ = {isa = PBXBuildFile; fileRef = BB738AA5284A068300FC059A /* SystemConfiguration.framework */; };
		BB738AA8284A068700FC059A /* Security.framework in Frameworks */ = {isa = PBXBuildFile; fileRef = BB738AA7284A068700FC059A /* Security.framework */; };
		BB738AAA284A068C00FC059A /* CoreServices.framework in Frameworks */ = {isa = PBXBuildFile; fileRef = BB738AA9284A068C00FC059A /* CoreServices.framework */; };
		BB738AAC284A069100FC059A /* CoreGraphics.framework in Frameworks */ = {isa = PBXBuildFile; fileRef = BB738AAB284A069100FC059A /* CoreGraphics.framework */; };
		BB738AAE284A069700FC059A /* libc++.tbd in Frameworks */ = {isa = PBXBuildFile; fileRef = BB738AAD284A069700FC059A /* libc++.tbd */; };
/* End PBXBuildFile section */

/* Begin PBXContainerItemProxy section */
		BB738A632849D31D00FC059A /* PBXContainerItemProxy */ = {
			isa = PBXContainerItemProxy;
			containerPortal = BB738A3F2849D31200FC059A /* Project object */;
			proxyType = 1;
			remoteGlobalIDString = BB738A462849D31200FC059A;
			remoteInfo = ObjectiveCSample;
		};
		BB738A6E2849D31D00FC059A /* PBXContainerItemProxy */ = {
			isa = PBXContainerItemProxy;
			containerPortal = BB738A3F2849D31200FC059A /* Project object */;
			proxyType = 1;
			remoteGlobalIDString = BB738A462849D31200FC059A;
			remoteInfo = ObjectiveCSample;
		};
/* End PBXContainerItemProxy section */

/* Begin PBXFileReference section */
		BB738A472849D31200FC059A /* ObjectiveCSample.app */ = {isa = PBXFileReference; explicitFileType = wrapper.application; includeInIndex = 0; path = ObjectiveCSample.app; sourceTree = BUILT_PRODUCTS_DIR; };
		BB738A4A2849D31200FC059A /* AppDelegate.h */ = {isa = PBXFileReference; lastKnownFileType = sourcecode.c.h; path = AppDelegate.h; sourceTree = "<group>"; };
		BB738A4B2849D31200FC059A /* AppDelegate.m */ = {isa = PBXFileReference; lastKnownFileType = sourcecode.c.objc; path = AppDelegate.m; sourceTree = "<group>"; };
		BB738A4D2849D31200FC059A /* SceneDelegate.h */ = {isa = PBXFileReference; lastKnownFileType = sourcecode.c.h; path = SceneDelegate.h; sourceTree = "<group>"; };
		BB738A4E2849D31200FC059A /* SceneDelegate.m */ = {isa = PBXFileReference; lastKnownFileType = sourcecode.c.objc; path = SceneDelegate.m; sourceTree = "<group>"; };
		BB738A502849D31200FC059A /* ViewController.h */ = {isa = PBXFileReference; lastKnownFileType = sourcecode.c.h; path = ViewController.h; sourceTree = "<group>"; };
		BB738A512849D31200FC059A /* ViewController.m */ = {isa = PBXFileReference; lastKnownFileType = sourcecode.c.objc; path = ViewController.m; sourceTree = "<group>"; };
		BB738A542849D31200FC059A /* Base */ = {isa = PBXFileReference; lastKnownFileType = file.storyboard; name = Base; path = Base.lproj/Main.storyboard; sourceTree = "<group>"; };
		BB738A562849D31D00FC059A /* Assets.xcassets */ = {isa = PBXFileReference; lastKnownFileType = folder.assetcatalog; path = Assets.xcassets; sourceTree = "<group>"; };
		BB738A592849D31D00FC059A /* Base */ = {isa = PBXFileReference; lastKnownFileType = file.storyboard; name = Base; path = Base.lproj/LaunchScreen.storyboard; sourceTree = "<group>"; };
		BB738A5B2849D31D00FC059A /* Info.plist */ = {isa = PBXFileReference; lastKnownFileType = text.plist.xml; path = Info.plist; sourceTree = "<group>"; };
		BB738A5C2849D31D00FC059A /* main.m */ = {isa = PBXFileReference; lastKnownFileType = sourcecode.c.objc; path = main.m; sourceTree = "<group>"; };
		BB738A622849D31D00FC059A /* ObjectiveCSampleTests.xctest */ = {isa = PBXFileReference; explicitFileType = wrapper.cfbundle; includeInIndex = 0; path = ObjectiveCSampleTests.xctest; sourceTree = BUILT_PRODUCTS_DIR; };
		BB738A662849D31D00FC059A /* ObjectiveCSampleTests.m */ = {isa = PBXFileReference; lastKnownFileType = sourcecode.c.objc; path = ObjectiveCSampleTests.m; sourceTree = "<group>"; };
		BB738A682849D31D00FC059A /* Info.plist */ = {isa = PBXFileReference; lastKnownFileType = text.plist.xml; path = Info.plist; sourceTree = "<group>"; };
		BB738A6D2849D31D00FC059A /* ObjectiveCSampleUITests.xctest */ = {isa = PBXFileReference; explicitFileType = wrapper.cfbundle; includeInIndex = 0; path = ObjectiveCSampleUITests.xctest; sourceTree = BUILT_PRODUCTS_DIR; };
		BB738A712849D31D00FC059A /* ObjectiveCSampleUITests.m */ = {isa = PBXFileReference; lastKnownFileType = sourcecode.c.objc; path = ObjectiveCSampleUITests.m; sourceTree = "<group>"; };
		BB738A732849D31D00FC059A /* Info.plist */ = {isa = PBXFileReference; lastKnownFileType = text.plist.xml; path = Info.plist; sourceTree = "<group>"; };
		BB738A80284A03CE00FC059A /* libiosAppiceSDK_v1.7.35.a */ = {isa = PBXFileReference; lastKnownFileType = archive.ar; path = libiosAppiceSDK_v1.7.35.a; sourceTree = "<group>"; };
		BB738A83284A03CE00FC059A /* isrgrootx1.der */ = {isa = PBXFileReference; lastKnownFileType = file; path = isrgrootx1.der; sourceTree = "<group>"; };
		BB738A84284A03CE00FC059A /* AppICEHelper.h */ = {isa = PBXFileReference; fileEncoding = 4; lastKnownFileType = sourcecode.c.h; path = AppICEHelper.h; sourceTree = "<group>"; };
		BB738A85284A03CE00FC059A /* appICE.h */ = {isa = PBXFileReference; fileEncoding = 4; lastKnownFileType = sourcecode.c.h; path = appICE.h; sourceTree = "<group>"; };
		BB738A86284A03CE00FC059A /* appICEUserDetails.h */ = {isa = PBXFileReference; fileEncoding = 4; lastKnownFileType = sourcecode.c.h; path = appICEUserDetails.h; sourceTree = "<group>"; };
		BB738A87284A03CE00FC059A /* AppICEJSInterface.h */ = {isa = PBXFileReference; fileEncoding = 4; lastKnownFileType = sourcecode.c.h; path = AppICEJSInterface.h; sourceTree = "<group>"; };
		BB738A88284A03CE00FC059A /* lets-encrypt-r3.der */ = {isa = PBXFileReference; lastKnownFileType = file; path = "lets-encrypt-r3.der"; sourceTree = "<group>"; };
		BB738A89284A03CE00FC059A /* BugfenderSDK.framework */ = {isa = PBXFileReference; lastKnownFileType = wrapper.framework; path = BugfenderSDK.framework; sourceTree = "<group>"; };
		BB738A8A284A03CE00FC059A /* AppICEInboxMessage.h */ = {isa = PBXFileReference; fileEncoding = 4; lastKnownFileType = sourcecode.c.h; path = AppICEInboxMessage.h; sourceTree = "<group>"; };
		BB738A8B284A03CE00FC059A /* appICEBundle.bundle */ = {isa = PBXFileReference; lastKnownFileType = "wrapper.plug-in"; path = appICEBundle.bundle; sourceTree = "<group>"; };
		BB738A8D284A03CE00FC059A /* VersionInfo.plist */ = {isa = PBXFileReference; lastKnownFileType = file.bplist; path = VersionInfo.plist; sourceTree = "<group>"; };
		BB738A8E284A03CE00FC059A /* appICE 4.omo */ = {isa = PBXFileReference; lastKnownFileType = file; path = "appICE 4.omo"; sourceTree = "<group>"; };
		BB738A8F284A03CE00FC059A /* appICE 3.mom */ = {isa = PBXFileReference; lastKnownFileType = file.bplist; path = "appICE 3.mom"; sourceTree = "<group>"; };
		BB738A90284A03CE00FC059A /* appICE 2.mom */ = {isa = PBXFileReference; lastKnownFileType = file.bplist; path = "appICE 2.mom"; sourceTree = "<group>"; };
		BB738A91284A03CE00FC059A /* appICE2.mom */ = {isa = PBXFileReference; lastKnownFileType = file.bplist; path = appICE2.mom; sourceTree = "<group>"; };
		BB738A92284A03CE00FC059A /* appICE 4.mom */ = {isa = PBXFileReference; lastKnownFileType = file.bplist; path = "appICE 4.mom"; sourceTree = "<group>"; };
		BB738A93284A03CE00FC059A /* appICE.mom */ = {isa = PBXFileReference; lastKnownFileType = file.bplist; path = appICE.mom; sourceTree = "<group>"; };
		BB738AA0284A03EE00FC059A /* InboxMessageViewController.h */ = {isa = PBXFileReference; lastKnownFileType = sourcecode.c.h; path = InboxMessageViewController.h; sourceTree = "<group>"; };
		BB738AA1284A03EF00FC059A /* InboxMessageViewController.m */ = {isa = PBXFileReference; lastKnownFileType = sourcecode.c.objc; path = InboxMessageViewController.m; sourceTree = "<group>"; };
		BB738AA3284A055400FC059A /* ObjectiveCSample.entitlements */ = {isa = PBXFileReference; lastKnownFileType = text.plist.entitlements; path = ObjectiveCSample.entitlements; sourceTree = "<group>"; };
		BB738AA5284A068300FC059A /* SystemConfiguration.framework */ = {isa = PBXFileReference; lastKnownFileType = wrapper.framework; name = SystemConfiguration.framework; path = System/Library/Frameworks/SystemConfiguration.framework; sourceTree = SDKROOT; };
		BB738AA7284A068700FC059A /* Security.framework */ = {isa = PBXFileReference; lastKnownFileType = wrapper.framework; name = Security.framework; path = System/Library/Frameworks/Security.framework; sourceTree = SDKROOT; };
		BB738AA9284A068C00FC059A /* CoreServices.framework */ = {isa = PBXFileReference; lastKnownFileType = wrapper.framework; name = CoreServices.framework; path = System/Library/Frameworks/CoreServices.framework; sourceTree = SDKROOT; };
		BB738AAB284A069100FC059A /* CoreGraphics.framework */ = {isa = PBXFileReference; lastKnownFileType = wrapper.framework; name = CoreGraphics.framework; path = System/Library/Frameworks/CoreGraphics.framework; sourceTree = SDKROOT; };
		BB738AAD284A069700FC059A /* libc++.tbd */ = {isa = PBXFileReference; lastKnownFileType = "sourcecode.text-based-dylib-definition"; name = "libc++.tbd"; path = "usr/lib/libc++.tbd"; sourceTree = SDKROOT; };
/* End PBXFileReference section */

/* Begin PBXFrameworksBuildPhase section */
		BB738A442849D31200FC059A /* Frameworks */ = {
			isa = PBXFrameworksBuildPhase;
			buildActionMask = 2147483647;
			files = (
				BB738AAE284A069700FC059A /* libc++.tbd in Frameworks */,
				BB738AAC284A069100FC059A /* CoreGraphics.framework in Frameworks */,
				BB738AAA284A068C00FC059A /* CoreServices.framework in Frameworks */,
				BB738AA8284A068700FC059A /* Security.framework in Frameworks */,
				BB738AA6284A068300FC059A /* SystemConfiguration.framework in Frameworks */,
				BB738A97284A03CF00FC059A /* BugfenderSDK.framework in Frameworks */,
				BB738A94284A03CF00FC059A /* libiosAppiceSDK_v1.7.35.a in Frameworks */,
			);
			runOnlyForDeploymentPostprocessing = 0;
		};
		BB738A5F2849D31D00FC059A /* Frameworks */ = {
			isa = PBXFrameworksBuildPhase;
			buildActionMask = 2147483647;
			files = (
			);
			runOnlyForDeploymentPostprocessing = 0;
		};
		BB738A6A2849D31D00FC059A /* Frameworks */ = {
			isa = PBXFrameworksBuildPhase;
			buildActionMask = 2147483647;
			files = (
			);
			runOnlyForDeploymentPostprocessing = 0;
		};
/* End PBXFrameworksBuildPhase section */

/* Begin PBXGroup section */
		BB738A3E2849D31200FC059A = {
			isa = PBXGroup;
			children = (
				BB738A492849D31200FC059A /* ObjectiveCSample */,
				BB738A652849D31D00FC059A /* ObjectiveCSampleTests */,
				BB738A702849D31D00FC059A /* ObjectiveCSampleUITests */,
				BB738A482849D31200FC059A /* Products */,
				BB738AA4284A068200FC059A /* Frameworks */,
			);
			sourceTree = "<group>";
		};
		BB738A482849D31200FC059A /* Products */ = {
			isa = PBXGroup;
			children = (
				BB738A472849D31200FC059A /* ObjectiveCSample.app */,
				BB738A622849D31D00FC059A /* ObjectiveCSampleTests.xctest */,
				BB738A6D2849D31D00FC059A /* ObjectiveCSampleUITests.xctest */,
			);
			name = Products;
			sourceTree = "<group>";
		};
		BB738A492849D31200FC059A /* ObjectiveCSample */ = {
			isa = PBXGroup;
			children = (
				BB738AA3284A055400FC059A /* ObjectiveCSample.entitlements */,
				BB738A4A2849D31200FC059A /* AppDelegate.h */,
				BB738A4B2849D31200FC059A /* AppDelegate.m */,
				BB738A4D2849D31200FC059A /* SceneDelegate.h */,
				BB738A7F284A03CE00FC059A /* AppICESDK */,
				BB738A4E2849D31200FC059A /* SceneDelegate.m */,
				BB738A502849D31200FC059A /* ViewController.h */,
				BB738A512849D31200FC059A /* ViewController.m */,
				BB738A532849D31200FC059A /* Main.storyboard */,
				BB738A562849D31D00FC059A /* Assets.xcassets */,
				BB738A582849D31D00FC059A /* LaunchScreen.storyboard */,
				BB738A5B2849D31D00FC059A /* Info.plist */,
				BB738A5C2849D31D00FC059A /* main.m */,
				BB738AA0284A03EE00FC059A /* InboxMessageViewController.h */,
				BB738AA1284A03EF00FC059A /* InboxMessageViewController.m */,
			);
			path = ObjectiveCSample;
			sourceTree = "<group>";
		};
		BB738A652849D31D00FC059A /* ObjectiveCSampleTests */ = {
			isa = PBXGroup;
			children = (
				BB738A662849D31D00FC059A /* ObjectiveCSampleTests.m */,
				BB738A682849D31D00FC059A /* Info.plist */,
			);
			path = ObjectiveCSampleTests;
			sourceTree = "<group>";
		};
		BB738A702849D31D00FC059A /* ObjectiveCSampleUITests */ = {
			isa = PBXGroup;
			children = (
				BB738A712849D31D00FC059A /* ObjectiveCSampleUITests.m */,
				BB738A732849D31D00FC059A /* Info.plist */,
			);
			path = ObjectiveCSampleUITests;
			sourceTree = "<group>";
		};
		BB738A7F284A03CE00FC059A /* AppICESDK */ = {
			isa = PBXGroup;
			children = (
				BB738A80284A03CE00FC059A /* libiosAppiceSDK_v1.7.35.a */,
				BB738A81284A03CE00FC059A /* include */,
				BB738A8B284A03CE00FC059A /* appICEBundle.bundle */,
				BB738A8C284A03CE00FC059A /* appICE.momd */,
			);
			path = AppICESDK;
			sourceTree = "<group>";
		};
		BB738A81284A03CE00FC059A /* include */ = {
			isa = PBXGroup;
			children = (
				BB738A82284A03CE00FC059A /* iosAppiceSDK */,
			);
			path = include;
			sourceTree = "<group>";
		};
		BB738A82284A03CE00FC059A /* iosAppiceSDK */ = {
			isa = PBXGroup;
			children = (
				BB738A83284A03CE00FC059A /* isrgrootx1.der */,
				BB738A84284A03CE00FC059A /* AppICEHelper.h */,
				BB738A85284A03CE00FC059A /* appICE.h */,
				BB738A86284A03CE00FC059A /* appICEUserDetails.h */,
				BB738A87284A03CE00FC059A /* AppICEJSInterface.h */,
				BB738A88284A03CE00FC059A /* lets-encrypt-r3.der */,
				BB738A89284A03CE00FC059A /* BugfenderSDK.framework */,
				BB738A8A284A03CE00FC059A /* AppICEInboxMessage.h */,
			);
			path = iosAppiceSDK;
			sourceTree = "<group>";
		};
		BB738A8C284A03CE00FC059A /* appICE.momd */ = {
			isa = PBXGroup;
			children = (
				BB738A8D284A03CE00FC059A /* VersionInfo.plist */,
				BB738A8E284A03CE00FC059A /* appICE 4.omo */,
				BB738A8F284A03CE00FC059A /* appICE 3.mom */,
				BB738A90284A03CE00FC059A /* appICE 2.mom */,
				BB738A91284A03CE00FC059A /* appICE2.mom */,
				BB738A92284A03CE00FC059A /* appICE 4.mom */,
				BB738A93284A03CE00FC059A /* appICE.mom */,
			);
			path = appICE.momd;
			sourceTree = "<group>";
		};
		BB738AA4284A068200FC059A /* Frameworks */ = {
			isa = PBXGroup;
			children = (
				BB738AAD284A069700FC059A /* libc++.tbd */,
				BB738AAB284A069100FC059A /* CoreGraphics.framework */,
				BB738AA9284A068C00FC059A /* CoreServices.framework */,
				BB738AA7284A068700FC059A /* Security.framework */,
				BB738AA5284A068300FC059A /* SystemConfiguration.framework */,
			);
			name = Frameworks;
			sourceTree = "<group>";
		};
/* End PBXGroup section */

/* Begin PBXNativeTarget section */
		BB738A462849D31200FC059A /* ObjectiveCSample */ = {
			isa = PBXNativeTarget;
			buildConfigurationList = BB738A762849D31D00FC059A /* Build configuration list for PBXNativeTarget "ObjectiveCSample" */;
			buildPhases = (
				BB738A432849D31200FC059A /* Sources */,
				BB738A442849D31200FC059A /* Frameworks */,
				BB738A452849D31200FC059A /* Resources */,
			);
			buildRules = (
			);
			dependencies = (
			);
			name = ObjectiveCSample;
			productName = ObjectiveCSample;
			productReference = BB738A472849D31200FC059A /* ObjectiveCSample.app */;
			productType = "com.apple.product-type.application";
		};
		BB738A612849D31D00FC059A /* ObjectiveCSampleTests */ = {
			isa = PBXNativeTarget;
			buildConfigurationList = BB738A792849D31D00FC059A /* Build configuration list for PBXNativeTarget "ObjectiveCSampleTests" */;
			buildPhases = (
				BB738A5E2849D31D00FC059A /* Sources */,
				BB738A5F2849D31D00FC059A /* Frameworks */,
				BB738A602849D31D00FC059A /* Resources */,
			);
			buildRules = (
			);
			dependencies = (
				BB738A642849D31D00FC059A /* PBXTargetDependency */,
			);
			name = ObjectiveCSampleTests;
			productName = ObjectiveCSampleTests;
			productReference = BB738A622849D31D00FC059A /* ObjectiveCSampleTests.xctest */;
			productType = "com.apple.product-type.bundle.unit-test";
		};
		BB738A6C2849D31D00FC059A /* ObjectiveCSampleUITests */ = {
			isa = PBXNativeTarget;
			buildConfigurationList = BB738A7C2849D31D00FC059A /* Build configuration list for PBXNativeTarget "ObjectiveCSampleUITests" */;
			buildPhases = (
				BB738A692849D31D00FC059A /* Sources */,
				BB738A6A2849D31D00FC059A /* Frameworks */,
				BB738A6B2849D31D00FC059A /* Resources */,
			);
			buildRules = (
			);
			dependencies = (
				BB738A6F2849D31D00FC059A /* PBXTargetDependency */,
			);
			name = ObjectiveCSampleUITests;
			productName = ObjectiveCSampleUITests;
			productReference = BB738A6D2849D31D00FC059A /* ObjectiveCSampleUITests.xctest */;
			productType = "com.apple.product-type.bundle.ui-testing";
		};
/* End PBXNativeTarget section */

/* Begin PBXProject section */
		BB738A3F2849D31200FC059A /* Project object */ = {
			isa = PBXProject;
			attributes = {
				LastUpgradeCheck = 1160;
				ORGANIZATIONNAME = AIRBOOK;
				TargetAttributes = {
					BB738A462849D31200FC059A = {
						CreatedOnToolsVersion = 11.6;
					};
					BB738A612849D31D00FC059A = {
						CreatedOnToolsVersion = 11.6;
						TestTargetID = BB738A462849D31200FC059A;
					};
					BB738A6C2849D31D00FC059A = {
						CreatedOnToolsVersion = 11.6;
						TestTargetID = BB738A462849D31200FC059A;
					};
				};
			};
			buildConfigurationList = BB738A422849D31200FC059A /* Build configuration list for PBXProject "ObjectiveCSample" */;
			compatibilityVersion = "Xcode 9.3";
			developmentRegion = en;
			hasScannedForEncodings = 0;
			knownRegions = (
				en,
				Base,
			);
			mainGroup = BB738A3E2849D31200FC059A;
			productRefGroup = BB738A482849D31200FC059A /* Products */;
			projectDirPath = "";
			projectRoot = "";
			targets = (
				BB738A462849D31200FC059A /* ObjectiveCSample */,
				BB738A612849D31D00FC059A /* ObjectiveCSampleTests */,
				BB738A6C2849D31D00FC059A /* ObjectiveCSampleUITests */,
			);
		};
/* End PBXProject section */

/* Begin PBXResourcesBuildPhase section */
		BB738A452849D31200FC059A /* Resources */ = {
			isa = PBXResourcesBuildPhase;
			buildActionMask = 2147483647;
			files = (
				BB738A5A2849D31D00FC059A /* LaunchScreen.storyboard in Resources */,
				BB738A98284A03CF00FC059A /* appICEBundle.bundle in Resources */,
				BB738A95284A03CF00FC059A /* isrgrootx1.der in Resources */,
				BB738A9B284A03CF00FC059A /* appICE 3.mom in Resources */,
				BB738A9A284A03CF00FC059A /* appICE 4.omo in Resources */,
				BB738A572849D31D00FC059A /* Assets.xcassets in Resources */,
				BB738A9D284A03CF00FC059A /* appICE2.mom in Resources */,
				BB738A96284A03CF00FC059A /* lets-encrypt-r3.der in Resources */,
				BB738A9C284A03CF00FC059A /* appICE 2.mom in Resources */,
				BB738A9E284A03CF00FC059A /* appICE 4.mom in Resources */,
				BB738A9F284A03CF00FC059A /* appICE.mom in Resources */,
				BB738A552849D31200FC059A /* Main.storyboard in Resources */,
				BB738A99284A03CF00FC059A /* VersionInfo.plist in Resources */,
			);
			runOnlyForDeploymentPostprocessing = 0;
		};
		BB738A602849D31D00FC059A /* Resources */ = {
			isa = PBXResourcesBuildPhase;
			buildActionMask = 2147483647;
			files = (
			);
			runOnlyForDeploymentPostprocessing = 0;
		};
		BB738A6B2849D31D00FC059A /* Resources */ = {
			isa = PBXResourcesBuildPhase;
			buildActionMask = 2147483647;
			files = (
			);
			runOnlyForDeploymentPostprocessing = 0;
		};
/* End PBXResourcesBuildPhase section */

/* Begin PBXSourcesBuildPhase section */
		BB738A432849D31200FC059A /* Sources */ = {
			isa = PBXSourcesBuildPhase;
			buildActionMask = 2147483647;
			files = (
				BB738A522849D31200FC059A /* ViewController.m in Sources */,
				BB738A4C2849D31200FC059A /* AppDelegate.m in Sources */,
				BB738AA2284A03EF00FC059A /* InboxMessageViewController.m in Sources */,
				BB738A5D2849D31D00FC059A /* main.m in Sources */,
				BB738A4F2849D31200FC059A /* SceneDelegate.m in Sources */,
			);
			runOnlyForDeploymentPostprocessing = 0;
		};
		BB738A5E2849D31D00FC059A /* Sources */ = {
			isa = PBXSourcesBuildPhase;
			buildActionMask = 2147483647;
			files = (
				BB738A672849D31D00FC059A /* ObjectiveCSampleTests.m in Sources */,
			);
			runOnlyForDeploymentPostprocessing = 0;
		};
		BB738A692849D31D00FC059A /* Sources */ = {
			isa = PBXSourcesBuildPhase;
			buildActionMask = 2147483647;
			files = (
				BB738A722849D31D00FC059A /* ObjectiveCSampleUITests.m in Sources */,
			);
			runOnlyForDeploymentPostprocessing = 0;
		};
/* End PBXSourcesBuildPhase section */

/* Begin PBXTargetDependency section */
		BB738A642849D31D00FC059A /* PBXTargetDependency */ = {
			isa = PBXTargetDependency;
			target = BB738A462849D31200FC059A /* ObjectiveCSample */;
			targetProxy = BB738A632849D31D00FC059A /* PBXContainerItemProxy */;
		};
		BB738A6F2849D31D00FC059A /* PBXTargetDependency */ = {
			isa = PBXTargetDependency;
			target = BB738A462849D31200FC059A /* ObjectiveCSample */;
			targetProxy = BB738A6E2849D31D00FC059A /* PBXContainerItemProxy */;
		};
/* End PBXTargetDependency section */

/* Begin PBXVariantGroup section */
		BB738A532849D31200FC059A /* Main.storyboard */ = {
			isa = PBXVariantGroup;
			children = (
				BB738A542849D31200FC059A /* Base */,
			);
			name = Main.storyboard;
			sourceTree = "<group>";
		};
		BB738A582849D31D00FC059A /* LaunchScreen.storyboard */ = {
			isa = PBXVariantGroup;
			children = (
				BB738A592849D31D00FC059A /* Base */,
			);
			name = LaunchScreen.storyboard;
			sourceTree = "<group>";
		};
/* End PBXVariantGroup section */

/* Begin XCBuildConfiguration section */
		BB738A742849D31D00FC059A /* Debug */ = {
			isa = XCBuildConfiguration;
			buildSettings = {
				ALWAYS_SEARCH_USER_PATHS = NO;
				CLANG_ANALYZER_NONNULL = YES;
				CLANG_ANALYZER_NUMBER_OBJECT_CONVERSION = YES_AGGRESSIVE;
				CLANG_CXX_LANGUAGE_STANDARD = "gnu++14";
				CLANG_CXX_LIBRARY = "libc++";
				CLANG_ENABLE_MODULES = YES;
				CLANG_ENABLE_OBJC_ARC = YES;
				CLANG_ENABLE_OBJC_WEAK = YES;
				CLANG_WARN_BLOCK_CAPTURE_AUTORELEASING = YES;
				CLANG_WARN_BOOL_CONVERSION = YES;
				CLANG_WARN_COMMA = YES;
				CLANG_WARN_CONSTANT_CONVERSION = YES;
				CLANG_WARN_DEPRECATED_OBJC_IMPLEMENTATIONS = YES;
				CLANG_WARN_DIRECT_OBJC_ISA_USAGE = YES_ERROR;
				CLANG_WARN_DOCUMENTATION_COMMENTS = YES;
				CLANG_WARN_EMPTY_BODY = YES;
				CLANG_WARN_ENUM_CONVERSION = YES;
				CLANG_WARN_INFINITE_RECURSION = YES;
				CLANG_WARN_INT_CONVERSION = YES;
				CLANG_WARN_NON_LITERAL_NULL_CONVERSION = YES;
				CLANG_WARN_OBJC_IMPLICIT_RETAIN_SELF = YES;
				CLANG_WARN_OBJC_LITERAL_CONVERSION = YES;
				CLANG_WARN_OBJC_ROOT_CLASS = YES_ERROR;
				CLANG_WARN_RANGE_LOOP_ANALYSIS = YES;
				CLANG_WARN_STRICT_PROTOTYPES = YES;
				CLANG_WARN_SUSPICIOUS_MOVE = YES;
				CLANG_WARN_UNGUARDED_AVAILABILITY = YES_AGGRESSIVE;
				CLANG_WARN_UNREACHABLE_CODE = YES;
				CLANG_WARN__DUPLICATE_METHOD_MATCH = YES;
				COPY_PHASE_STRIP = NO;
				DEBUG_INFORMATION_FORMAT = dwarf;
				ENABLE_STRICT_OBJC_MSGSEND = YES;
				ENABLE_TESTABILITY = YES;
				GCC_C_LANGUAGE_STANDARD = gnu11;
				GCC_DYNAMIC_NO_PIC = NO;
				GCC_NO_COMMON_BLOCKS = YES;
				GCC_OPTIMIZATION_LEVEL = 0;
				GCC_PREPROCESSOR_DEFINITIONS = (
					"DEBUG=1",
					"$(inherited)",
				);
				GCC_WARN_64_TO_32_BIT_CONVERSION = YES;
				GCC_WARN_ABOUT_RETURN_TYPE = YES_ERROR;
				GCC_WARN_UNDECLARED_SELECTOR = YES;
				GCC_WARN_UNINITIALIZED_AUTOS = YES_AGGRESSIVE;
				GCC_WARN_UNUSED_FUNCTION = YES;
				GCC_WARN_UNUSED_VARIABLE = YES;
				IPHONEOS_DEPLOYMENT_TARGET = 13.6;
				MTL_ENABLE_DEBUG_INFO = INCLUDE_SOURCE;
				MTL_FAST_MATH = YES;
				ONLY_ACTIVE_ARCH = YES;
				SDKROOT = iphoneos;
			};
			name = Debug;
		};
		BB738A752849D31D00FC059A /* Release */ = {
			isa = XCBuildConfiguration;
			buildSettings = {
				ALWAYS_SEARCH_USER_PATHS = NO;
				CLANG_ANALYZER_NONNULL = YES;
				CLANG_ANALYZER_NUMBER_OBJECT_CONVERSION = YES_AGGRESSIVE;
				CLANG_CXX_LANGUAGE_STANDARD = "gnu++14";
				CLANG_CXX_LIBRARY = "libc++";
				CLANG_ENABLE_MODULES = YES;
				CLANG_ENABLE_OBJC_ARC = YES;
				CLANG_ENABLE_OBJC_WEAK = YES;
				CLANG_WARN_BLOCK_CAPTURE_AUTORELEASING = YES;
				CLANG_WARN_BOOL_CONVERSION = YES;
				CLANG_WARN_COMMA = YES;
				CLANG_WARN_CONSTANT_CONVERSION = YES;
				CLANG_WARN_DEPRECATED_OBJC_IMPLEMENTATIONS = YES;
				CLANG_WARN_DIRECT_OBJC_ISA_USAGE = YES_ERROR;
				CLANG_WARN_DOCUMENTATION_COMMENTS = YES;
				CLANG_WARN_EMPTY_BODY = YES;
				CLANG_WARN_ENUM_CONVERSION = YES;
				CLANG_WARN_INFINITE_RECURSION = YES;
				CLANG_WARN_INT_CONVERSION = YES;
				CLANG_WARN_NON_LITERAL_NULL_CONVERSION = YES;
				CLANG_WARN_OBJC_IMPLICIT_RETAIN_SELF = YES;
				CLANG_WARN_OBJC_LITERAL_CONVERSION = YES;
				CLANG_WARN_OBJC_ROOT_CLASS = YES_ERROR;
				CLANG_WARN_RANGE_LOOP_ANALYSIS = YES;
				CLANG_WARN_STRICT_PROTOTYPES = YES;
				CLANG_WARN_SUSPICIOUS_MOVE = YES;
				CLANG_WARN_UNGUARDED_AVAILABILITY = YES_AGGRESSIVE;
				CLANG_WARN_UNREACHABLE_CODE = YES;
				CLANG_WARN__DUPLICATE_METHOD_MATCH = YES;
				COPY_PHASE_STRIP = NO;
				DEBUG_INFORMATION_FORMAT = "dwarf-with-dsym";
				ENABLE_NS_ASSERTIONS = NO;
				ENABLE_STRICT_OBJC_MSGSEND = YES;
				GCC_C_LANGUAGE_STANDARD = gnu11;
				GCC_NO_COMMON_BLOCKS = YES;
				GCC_WARN_64_TO_32_BIT_CONVERSION = YES;
				GCC_WARN_ABOUT_RETURN_TYPE = YES_ERROR;
				GCC_WARN_UNDECLARED_SELECTOR = YES;
				GCC_WARN_UNINITIALIZED_AUTOS = YES_AGGRESSIVE;
				GCC_WARN_UNUSED_FUNCTION = YES;
				GCC_WARN_UNUSED_VARIABLE = YES;
				IPHONEOS_DEPLOYMENT_TARGET = 13.6;
				MTL_ENABLE_DEBUG_INFO = NO;
				MTL_FAST_MATH = YES;
				SDKROOT = iphoneos;
				VALIDATE_PRODUCT = YES;
			};
			name = Release;
		};
		BB738A772849D31D00FC059A /* Debug */ = {
			isa = XCBuildConfiguration;
			buildSettings = {
				ASSETCATALOG_COMPILER_APPICON_NAME = AppIcon;
				CODE_SIGN_ENTITLEMENTS = ObjectiveCSample/ObjectiveCSample.entitlements;
				CODE_SIGN_STYLE = Automatic;
				DEVELOPMENT_TEAM = 7C42LT37LT;
				FRAMEWORK_SEARCH_PATHS = (
					"$(inherited)",
					"$(PROJECT_DIR)/ObjectiveCSample/AppICESDK/include/iosAppiceSDK",
				);
				INFOPLIST_FILE = ObjectiveCSample/Info.plist;
				LD_RUNPATH_SEARCH_PATHS = (
					"$(inherited)",
					"@executable_path/Frameworks",
				);
				LIBRARY_SEARCH_PATHS = (
					"$(inherited)",
					"$(PROJECT_DIR)/ObjectiveCSample/AppICESDK",
				);
				PRODUCT_BUNDLE_IDENTIFIER = com.appice.ios.ObjectiveCSample;
				PRODUCT_NAME = "$(TARGET_NAME)";
				TARGETED_DEVICE_FAMILY = "1,2";
			};
			name = Debug;
		};
		BB738A782849D31D00FC059A /* Release */ = {
			isa = XCBuildConfiguration;
			buildSettings = {
				ASSETCATALOG_COMPILER_APPICON_NAME = AppIcon;
				CODE_SIGN_ENTITLEMENTS = ObjectiveCSample/ObjectiveCSample.entitlements;
				CODE_SIGN_STYLE = Automatic;
				DEVELOPMENT_TEAM = 7C42LT37LT;
				FRAMEWORK_SEARCH_PATHS = (
					"$(inherited)",
					"$(PROJECT_DIR)/ObjectiveCSample/AppICESDK/include/iosAppiceSDK",
				);
				INFOPLIST_FILE = ObjectiveCSample/Info.plist;
				LD_RUNPATH_SEARCH_PATHS = (
					"$(inherited)",
					"@executable_path/Frameworks",
				);
				LIBRARY_SEARCH_PATHS = (
					"$(inherited)",
					"$(PROJECT_DIR)/ObjectiveCSample/AppICESDK",
				);
				PRODUCT_BUNDLE_IDENTIFIER = com.appice.ios.ObjectiveCSample;
				PRODUCT_NAME = "$(TARGET_NAME)";
				TARGETED_DEVICE_FAMILY = "1,2";
			};
			name = Release;
		};
		BB738A7A2849D31D00FC059A /* Debug */ = {
			isa = XCBuildConfiguration;
			buildSettings = {
				BUNDLE_LOADER = "$(TEST_HOST)";
				CODE_SIGN_STYLE = Automatic;
				DEVELOPMENT_TEAM = 7C42LT37LT;
				INFOPLIST_FILE = ObjectiveCSampleTests/Info.plist;
				IPHONEOS_DEPLOYMENT_TARGET = 13.6;
				LD_RUNPATH_SEARCH_PATHS = (
					"$(inherited)",
					"@executable_path/Frameworks",
					"@loader_path/Frameworks",
				);
				PRODUCT_BUNDLE_IDENTIFIER = com.appice.ios.ObjectiveCSampleTests;
				PRODUCT_NAME = "$(TARGET_NAME)";
				TARGETED_DEVICE_FAMILY = "1,2";
				TEST_HOST = "$(BUILT_PRODUCTS_DIR)/ObjectiveCSample.app/ObjectiveCSample";
			};
			name = Debug;
		};
		BB738A7B2849D31D00FC059A /* Release */ = {
			isa = XCBuildConfiguration;
			buildSettings = {
				BUNDLE_LOADER = "$(TEST_HOST)";
				CODE_SIGN_STYLE = Automatic;
				DEVELOPMENT_TEAM = 7C42LT37LT;
				INFOPLIST_FILE = ObjectiveCSampleTests/Info.plist;
				IPHONEOS_DEPLOYMENT_TARGET = 13.6;
				LD_RUNPATH_SEARCH_PATHS = (
					"$(inherited)",
					"@executable_path/Frameworks",
					"@loader_path/Frameworks",
				);
				PRODUCT_BUNDLE_IDENTIFIER = com.appice.ios.ObjectiveCSampleTests;
				PRODUCT_NAME = "$(TARGET_NAME)";
				TARGETED_DEVICE_FAMILY = "1,2";
				TEST_HOST = "$(BUILT_PRODUCTS_DIR)/ObjectiveCSample.app/ObjectiveCSample";
			};
			name = Release;
		};
		BB738A7D2849D31D00FC059A /* Debug */ = {
			isa = XCBuildConfiguration;
			buildSettings = {
				CODE_SIGN_STYLE = Automatic;
				DEVELOPMENT_TEAM = 7C42LT37LT;
				INFOPLIST_FILE = ObjectiveCSampleUITests/Info.plist;
				LD_RUNPATH_SEARCH_PATHS = (
					"$(inherited)",
					"@executable_path/Frameworks",
					"@loader_path/Frameworks",
				);
				PRODUCT_BUNDLE_IDENTIFIER = com.appice.ios.ObjectiveCSampleUITests;
				PRODUCT_NAME = "$(TARGET_NAME)";
				TARGETED_DEVICE_FAMILY = "1,2";
				TEST_TARGET_NAME = ObjectiveCSample;
			};
			name = Debug;
		};
		BB738A7E2849D31D00FC059A /* Release */ = {
			isa = XCBuildConfiguration;
			buildSettings = {
				CODE_SIGN_STYLE = Automatic;
				DEVELOPMENT_TEAM = 7C42LT37LT;
				INFOPLIST_FILE = ObjectiveCSampleUITests/Info.plist;
				LD_RUNPATH_SEARCH_PATHS = (
					"$(inherited)",
					"@executable_path/Frameworks",
					"@loader_path/Frameworks",
				);
				PRODUCT_BUNDLE_IDENTIFIER = com.appice.ios.ObjectiveCSampleUITests;
				PRODUCT_NAME = "$(TARGET_NAME)";
				TARGETED_DEVICE_FAMILY = "1,2";
				TEST_TARGET_NAME = ObjectiveCSample;
			};
			name = Release;
		};
/* End XCBuildConfiguration section */

/* Begin XCConfigurationList section */
		BB738A422849D31200FC059A /* Build configuration list for PBXProject "ObjectiveCSample" */ = {
			isa = XCConfigurationList;
			buildConfigurations = (
				BB738A742849D31D00FC059A /* Debug */,
				BB738A752849D31D00FC059A /* Release */,
			);
			defaultConfigurationIsVisible = 0;
			defaultConfigurationName = Release;
		};
		BB738A762849D31D00FC059A /* Build configuration list for PBXNativeTarget "ObjectiveCSample" */ = {
			isa = XCConfigurationList;
			buildConfigurations = (
				BB738A772849D31D00FC059A /* Debug */,
				BB738A782849D31D00FC059A /* Release */,
			);
			defaultConfigurationIsVisible = 0;
			defaultConfigurationName = Release;
		};
		BB738A792849D31D00FC059A /* Build configuration list for PBXNativeTarget "ObjectiveCSampleTests" */ = {
			isa = XCConfigurationList;
			buildConfigurations = (
				BB738A7A2849D31D00FC059A /* Debug */,
				BB738A7B2849D31D00FC059A /* Release */,
			);
			defaultConfigurationIsVisible = 0;
			defaultConfigurationName = Release;
		};
		BB738A7C2849D31D00FC059A /* Build configuration list for PBXNativeTarget "ObjectiveCSampleUITests" */ = {
			isa = XCConfigurationList;
			buildConfigurations = (
				BB738A7D2849D31D00FC059A /* Debug */,
				BB738A7E2849D31D00FC059A /* Release */,
			);
			defaultConfigurationIsVisible = 0;
			defaultConfigurationName = Release;
		};
/* End XCConfigurationList section */
	};
	rootObject = BB738A3F2849D31200FC059A /* Project object */;
}
