// !$*UTF8*$!
{
	archiveVersion = 1;
	classes = {
	};
	objectVersion = 50;
	objects = {

/* Begin PBXBuildFile section */
		BB1C6B5F284780A2003F5806 /* AppDelegate.m in Sources */ = {isa = PBXBuildFile; fileRef = BB1C6B5E284780A2003F5806 /* AppDelegate.m */; };
		BB1C6B62284780A2003F5806 /* SceneDelegate.m in Sources */ = {isa = PBXBuildFile; fileRef = BB1C6B61284780A2003F5806 /* SceneDelegate.m */; };
		BB1C6B65284780A2003F5806 /* ViewController.m in Sources */ = {isa = PBXBuildFile; fileRef = BB1C6B64284780A2003F5806 /* ViewController.m */; };
		BB1C6B68284780A2003F5806 /* Main.storyboard in Resources */ = {isa = PBXBuildFile; fileRef = BB1C6B66284780A2003F5806 /* Main.storyboard */; };
		BB1C6B6A284780A8003F5806 /* Assets.xcassets in Resources */ = {isa = PBXBuildFile; fileRef = BB1C6B69284780A8003F5806 /* Assets.xcassets */; };
		BB1C6B6D284780A8003F5806 /* LaunchScreen.storyboard in Resources */ = {isa = PBXBuildFile; fileRef = BB1C6B6B284780A8003F5806 /* LaunchScreen.storyboard */; };
		BB1C6B70284780A8003F5806 /* main.m in Sources */ = {isa = PBXBuildFile; fileRef = BB1C6B6F284780A8003F5806 /* main.m */; };
		BB1C6B7A284780A9003F5806 /* SampleProjectTests.m in Sources */ = {isa = PBXBuildFile; fileRef = BB1C6B79284780A9003F5806 /* SampleProjectTests.m */; };
		BB1C6B85284780A9003F5806 /* SampleProjectUITests.m in Sources */ = {isa = PBXBuildFile; fileRef = BB1C6B84284780A9003F5806 /* SampleProjectUITests.m */; };
		BB1C6B972847949E003F5806 /* InboxMessageViewController.m in Sources */ = {isa = PBXBuildFile; fileRef = BB1C6B962847949E003F5806 /* InboxMessageViewController.m */; };
		BB1C6BBB2847A125003F5806 /* SystemConfiguration.framework in Frameworks */ = {isa = PBXBuildFile; fileRef = BB1C6BBA2847A125003F5806 /* SystemConfiguration.framework */; };
		BB1C6BBD2847A129003F5806 /* Security.framework in Frameworks */ = {isa = PBXBuildFile; fileRef = BB1C6BBC2847A129003F5806 /* Security.framework */; };
		BB1C6BC02847A130003F5806 /* MobileCoreServices.framework in Frameworks */ = {isa = PBXBuildFile; fileRef = BB1C6BBE2847A12F003F5806 /* MobileCoreServices.framework */; };
		BB1C6BC12847A130003F5806 /* CoreServices.framework in Frameworks */ = {isa = PBXBuildFile; fileRef = BB1C6BBF2847A130003F5806 /* CoreServices.framework */; };
		BB1C6BC32847A134003F5806 /* libc++.tbd in Frameworks */ = {isa = PBXBuildFile; fileRef = BB1C6BC22847A134003F5806 /* libc++.tbd */; };
		BB1C6BD92847B24D003F5806 /* libiosAppiceSDK_v1.7.35.a in Frameworks */ = {isa = PBXBuildFile; fileRef = BB1C6BC52847B24D003F5806 /* libiosAppiceSDK_v1.7.35.a */; };
		BB1C6BDA2847B24D003F5806 /* isrgrootx1.der in Resources */ = {isa = PBXBuildFile; fileRef = BB1C6BC82847B24D003F5806 /* isrgrootx1.der */; };
		BB1C6BDB2847B24D003F5806 /* lets-encrypt-r3.der in Resources */ = {isa = PBXBuildFile; fileRef = BB1C6BCD2847B24D003F5806 /* lets-encrypt-r3.der */; };
		BB1C6BDC2847B24D003F5806 /* BugfenderSDK.framework in Frameworks */ = {isa = PBXBuildFile; fileRef = BB1C6BCE2847B24D003F5806 /* BugfenderSDK.framework */; };
		BB1C6BDD2847B24D003F5806 /* appICEBundle.bundle in Resources */ = {isa = PBXBuildFile; fileRef = BB1C6BD02847B24D003F5806 /* appICEBundle.bundle */; };
		BB1C6BDE2847B24D003F5806 /* VersionInfo.plist in Resources */ = {isa = PBXBuildFile; fileRef = BB1C6BD22847B24D003F5806 /* VersionInfo.plist */; };
		BB1C6BDF2847B24D003F5806 /* appICE 4.omo in Resources */ = {isa = PBXBuildFile; fileRef = BB1C6BD32847B24D003F5806 /* appICE 4.omo */; };
		BB1C6BE02847B24D003F5806 /* appICE 3.mom in Resources */ = {isa = PBXBuildFile; fileRef = BB1C6BD42847B24D003F5806 /* appICE 3.mom */; };
		BB1C6BE12847B24D003F5806 /* appICE 2.mom in Resources */ = {isa = PBXBuildFile; fileRef = BB1C6BD52847B24D003F5806 /* appICE 2.mom */; };
		BB1C6BE22847B24D003F5806 /* appICE2.mom in Resources */ = {isa = PBXBuildFile; fileRef = BB1C6BD62847B24D003F5806 /* appICE2.mom */; };
		BB1C6BE32847B24D003F5806 /* appICE 4.mom in Resources */ = {isa = PBXBuildFile; fileRef = BB1C6BD72847B24D003F5806 /* appICE 4.mom */; };
		BB1C6BE42847B24D003F5806 /* appICE.mom in Resources */ = {isa = PBXBuildFile; fileRef = BB1C6BD82847B24D003F5806 /* appICE.mom */; };
/* End PBXBuildFile section */

/* Begin PBXContainerItemProxy section */
		BB1C6B76284780A9003F5806 /* PBXContainerItemProxy */ = {
			isa = PBXContainerItemProxy;
			containerPortal = BB1C6B52284780A1003F5806 /* Project object */;
			proxyType = 1;
			remoteGlobalIDString = BB1C6B59284780A1003F5806;
			remoteInfo = SampleProject;
		};
		BB1C6B81284780A9003F5806 /* PBXContainerItemProxy */ = {
			isa = PBXContainerItemProxy;
			containerPortal = BB1C6B52284780A1003F5806 /* Project object */;
			proxyType = 1;
			remoteGlobalIDString = BB1C6B59284780A1003F5806;
			remoteInfo = SampleProject;
		};
/* End PBXContainerItemProxy section */

/* Begin PBXFileReference section */
		BB1C6B5A284780A1003F5806 /* SampleProject.app */ = {isa = PBXFileReference; explicitFileType = wrapper.application; includeInIndex = 0; path = SampleProject.app; sourceTree = BUILT_PRODUCTS_DIR; };
		BB1C6B5D284780A1003F5806 /* AppDelegate.h */ = {isa = PBXFileReference; lastKnownFileType = sourcecode.c.h; path = AppDelegate.h; sourceTree = "<group>"; };
		BB1C6B5E284780A2003F5806 /* AppDelegate.m */ = {isa = PBXFileReference; lastKnownFileType = sourcecode.c.objc; path = AppDelegate.m; sourceTree = "<group>"; };
		BB1C6B60284780A2003F5806 /* SceneDelegate.h */ = {isa = PBXFileReference; lastKnownFileType = sourcecode.c.h; path = SceneDelegate.h; sourceTree = "<group>"; };
		BB1C6B61284780A2003F5806 /* SceneDelegate.m */ = {isa = PBXFileReference; lastKnownFileType = sourcecode.c.objc; path = SceneDelegate.m; sourceTree = "<group>"; };
		BB1C6B63284780A2003F5806 /* ViewController.h */ = {isa = PBXFileReference; lastKnownFileType = sourcecode.c.h; path = ViewController.h; sourceTree = "<group>"; };
		BB1C6B64284780A2003F5806 /* ViewController.m */ = {isa = PBXFileReference; lastKnownFileType = sourcecode.c.objc; path = ViewController.m; sourceTree = "<group>"; };
		BB1C6B67284780A2003F5806 /* Base */ = {isa = PBXFileReference; lastKnownFileType = file.storyboard; name = Base; path = Base.lproj/Main.storyboard; sourceTree = "<group>"; };
		BB1C6B69284780A8003F5806 /* Assets.xcassets */ = {isa = PBXFileReference; lastKnownFileType = folder.assetcatalog; path = Assets.xcassets; sourceTree = "<group>"; };
		BB1C6B6C284780A8003F5806 /* Base */ = {isa = PBXFileReference; lastKnownFileType = file.storyboard; name = Base; path = Base.lproj/LaunchScreen.storyboard; sourceTree = "<group>"; };
		BB1C6B6E284780A8003F5806 /* Info.plist */ = {isa = PBXFileReference; lastKnownFileType = text.plist.xml; path = Info.plist; sourceTree = "<group>"; };
		BB1C6B6F284780A8003F5806 /* main.m */ = {isa = PBXFileReference; lastKnownFileType = sourcecode.c.objc; path = main.m; sourceTree = "<group>"; };
		BB1C6B75284780A9003F5806 /* SampleProjectTests.xctest */ = {isa = PBXFileReference; explicitFileType = wrapper.cfbundle; includeInIndex = 0; path = SampleProjectTests.xctest; sourceTree = BUILT_PRODUCTS_DIR; };
		BB1C6B79284780A9003F5806 /* SampleProjectTests.m */ = {isa = PBXFileReference; lastKnownFileType = sourcecode.c.objc; path = SampleProjectTests.m; sourceTree = "<group>"; };
		BB1C6B7B284780A9003F5806 /* Info.plist */ = {isa = PBXFileReference; lastKnownFileType = text.plist.xml; path = Info.plist; sourceTree = "<group>"; };
		BB1C6B80284780A9003F5806 /* SampleProjectUITests.xctest */ = {isa = PBXFileReference; explicitFileType = wrapper.cfbundle; includeInIndex = 0; path = SampleProjectUITests.xctest; sourceTree = BUILT_PRODUCTS_DIR; };
		BB1C6B84284780A9003F5806 /* SampleProjectUITests.m */ = {isa = PBXFileReference; lastKnownFileType = sourcecode.c.objc; path = SampleProjectUITests.m; sourceTree = "<group>"; };
		BB1C6B86284780A9003F5806 /* Info.plist */ = {isa = PBXFileReference; lastKnownFileType = text.plist.xml; path = Info.plist; sourceTree = "<group>"; };
		BB1C6B952847949E003F5806 /* InboxMessageViewController.h */ = {isa = PBXFileReference; lastKnownFileType = sourcecode.c.h; path = InboxMessageViewController.h; sourceTree = "<group>"; };
		BB1C6B962847949E003F5806 /* InboxMessageViewController.m */ = {isa = PBXFileReference; lastKnownFileType = sourcecode.c.objc; path = InboxMessageViewController.m; sourceTree = "<group>"; };
		BB1C6BBA2847A125003F5806 /* SystemConfiguration.framework */ = {isa = PBXFileReference; lastKnownFileType = wrapper.framework; name = SystemConfiguration.framework; path = System/Library/Frameworks/SystemConfiguration.framework; sourceTree = SDKROOT; };
		BB1C6BBC2847A129003F5806 /* Security.framework */ = {isa = PBXFileReference; lastKnownFileType = wrapper.framework; name = Security.framework; path = System/Library/Frameworks/Security.framework; sourceTree = SDKROOT; };
		BB1C6BBE2847A12F003F5806 /* MobileCoreServices.framework */ = {isa = PBXFileReference; lastKnownFileType = wrapper.framework; name = MobileCoreServices.framework; path = System/Library/Frameworks/MobileCoreServices.framework; sourceTree = SDKROOT; };
		BB1C6BBF2847A130003F5806 /* CoreServices.framework */ = {isa = PBXFileReference; lastKnownFileType = wrapper.framework; name = CoreServices.framework; path = System/Library/Frameworks/CoreServices.framework; sourceTree = SDKROOT; };
		BB1C6BC22847A134003F5806 /* libc++.tbd */ = {isa = PBXFileReference; lastKnownFileType = "sourcecode.text-based-dylib-definition"; name = "libc++.tbd"; path = "usr/lib/libc++.tbd"; sourceTree = SDKROOT; };
		BB1C6BC52847B24D003F5806 /* libiosAppiceSDK_v1.7.35.a */ = {isa = PBXFileReference; lastKnownFileType = archive.ar; path = libiosAppiceSDK_v1.7.35.a; sourceTree = "<group>"; };
		BB1C6BC82847B24D003F5806 /* isrgrootx1.der */ = {isa = PBXFileReference; lastKnownFileType = file; path = isrgrootx1.der; sourceTree = "<group>"; };
		BB1C6BC92847B24D003F5806 /* AppICEHelper.h */ = {isa = PBXFileReference; fileEncoding = 4; lastKnownFileType = sourcecode.c.h; path = AppICEHelper.h; sourceTree = "<group>"; };
		BB1C6BCA2847B24D003F5806 /* appICE.h */ = {isa = PBXFileReference; fileEncoding = 4; lastKnownFileType = sourcecode.c.h; path = appICE.h; sourceTree = "<group>"; };
		BB1C6BCB2847B24D003F5806 /* appICEUserDetails.h */ = {isa = PBXFileReference; fileEncoding = 4; lastKnownFileType = sourcecode.c.h; path = appICEUserDetails.h; sourceTree = "<group>"; };
		BB1C6BCC2847B24D003F5806 /* AppICEJSInterface.h */ = {isa = PBXFileReference; fileEncoding = 4; lastKnownFileType = sourcecode.c.h; path = AppICEJSInterface.h; sourceTree = "<group>"; };
		BB1C6BCD2847B24D003F5806 /* lets-encrypt-r3.der */ = {isa = PBXFileReference; lastKnownFileType = file; path = "lets-encrypt-r3.der"; sourceTree = "<group>"; };
		BB1C6BCE2847B24D003F5806 /* BugfenderSDK.framework */ = {isa = PBXFileReference; lastKnownFileType = wrapper.framework; path = BugfenderSDK.framework; sourceTree = "<group>"; };
		BB1C6BCF2847B24D003F5806 /* AppICEInboxMessage.h */ = {isa = PBXFileReference; fileEncoding = 4; lastKnownFileType = sourcecode.c.h; path = AppICEInboxMessage.h; sourceTree = "<group>"; };
		BB1C6BD02847B24D003F5806 /* appICEBundle.bundle */ = {isa = PBXFileReference; lastKnownFileType = "wrapper.plug-in"; path = appICEBundle.bundle; sourceTree = "<group>"; };
		BB1C6BD22847B24D003F5806 /* VersionInfo.plist */ = {isa = PBXFileReference; lastKnownFileType = file.bplist; path = VersionInfo.plist; sourceTree = "<group>"; };
		BB1C6BD32847B24D003F5806 /* appICE 4.omo */ = {isa = PBXFileReference; lastKnownFileType = file; path = "appICE 4.omo"; sourceTree = "<group>"; };
		BB1C6BD42847B24D003F5806 /* appICE 3.mom */ = {isa = PBXFileReference; lastKnownFileType = file.bplist; path = "appICE 3.mom"; sourceTree = "<group>"; };
		BB1C6BD52847B24D003F5806 /* appICE 2.mom */ = {isa = PBXFileReference; lastKnownFileType = file.bplist; path = "appICE 2.mom"; sourceTree = "<group>"; };
		BB1C6BD62847B24D003F5806 /* appICE2.mom */ = {isa = PBXFileReference; lastKnownFileType = file.bplist; path = appICE2.mom; sourceTree = "<group>"; };
		BB1C6BD72847B24D003F5806 /* appICE 4.mom */ = {isa = PBXFileReference; lastKnownFileType = file.bplist; path = "appICE 4.mom"; sourceTree = "<group>"; };
		BB1C6BD82847B24D003F5806 /* appICE.mom */ = {isa = PBXFileReference; lastKnownFileType = file.bplist; path = appICE.mom; sourceTree = "<group>"; };
		BB1C6BE52847B2A9003F5806 /* SampleProject.entitlements */ = {isa = PBXFileReference; lastKnownFileType = text.plist.entitlements; path = SampleProject.entitlements; sourceTree = "<group>"; };
/* End PBXFileReference section */

/* Begin PBXFrameworksBuildPhase section */
		BB1C6B57284780A1003F5806 /* Frameworks */ = {
			isa = PBXFrameworksBuildPhase;
			buildActionMask = 2147483647;
			files = (
				BB1C6BC32847A134003F5806 /* libc++.tbd in Frameworks */,
				BB1C6BDC2847B24D003F5806 /* BugfenderSDK.framework in Frameworks */,
				BB1C6BC02847A130003F5806 /* MobileCoreServices.framework in Frameworks */,
				BB1C6BC12847A130003F5806 /* CoreServices.framework in Frameworks */,
				BB1C6BD92847B24D003F5806 /* libiosAppiceSDK_v1.7.35.a in Frameworks */,
				BB1C6BBD2847A129003F5806 /* Security.framework in Frameworks */,
				BB1C6BBB2847A125003F5806 /* SystemConfiguration.framework in Frameworks */,
			);
			runOnlyForDeploymentPostprocessing = 0;
		};
		BB1C6B72284780A9003F5806 /* Frameworks */ = {
			isa = PBXFrameworksBuildPhase;
			buildActionMask = 2147483647;
			files = (
			);
			runOnlyForDeploymentPostprocessing = 0;
		};
		BB1C6B7D284780A9003F5806 /* Frameworks */ = {
			isa = PBXFrameworksBuildPhase;
			buildActionMask = 2147483647;
			files = (
			);
			runOnlyForDeploymentPostprocessing = 0;
		};
/* End PBXFrameworksBuildPhase section */

/* Begin PBXGroup section */
		BB1C6B51284780A1003F5806 = {
			isa = PBXGroup;
			children = (
				BB1C6B5C284780A1003F5806 /* SampleProject */,
				BB1C6B78284780A9003F5806 /* SampleProjectTests */,
				BB1C6B83284780A9003F5806 /* SampleProjectUITests */,
				BB1C6B5B284780A1003F5806 /* Products */,
				BB1C6BB92847A125003F5806 /* Frameworks */,
			);
			sourceTree = "<group>";
		};
		BB1C6B5B284780A1003F5806 /* Products */ = {
			isa = PBXGroup;
			children = (
				BB1C6B5A284780A1003F5806 /* SampleProject.app */,
				BB1C6B75284780A9003F5806 /* SampleProjectTests.xctest */,
				BB1C6B80284780A9003F5806 /* SampleProjectUITests.xctest */,
			);
			name = Products;
			sourceTree = "<group>";
		};
		BB1C6B5C284780A1003F5806 /* SampleProject */ = {
			isa = PBXGroup;
			children = (
				BB1C6BE52847B2A9003F5806 /* SampleProject.entitlements */,
				BB1C6B5D284780A1003F5806 /* AppDelegate.h */,
				BB1C6BC42847B24D003F5806 /* AppICESDK */,
				BB1C6B5E284780A2003F5806 /* AppDelegate.m */,
				BB1C6B60284780A2003F5806 /* SceneDelegate.h */,
				BB1C6B61284780A2003F5806 /* SceneDelegate.m */,
				BB1C6B63284780A2003F5806 /* ViewController.h */,
				BB1C6B64284780A2003F5806 /* ViewController.m */,
				BB1C6B66284780A2003F5806 /* Main.storyboard */,
				BB1C6B69284780A8003F5806 /* Assets.xcassets */,
				BB1C6B6B284780A8003F5806 /* LaunchScreen.storyboard */,
				BB1C6B6E284780A8003F5806 /* Info.plist */,
				BB1C6B6F284780A8003F5806 /* main.m */,
				BB1C6B952847949E003F5806 /* InboxMessageViewController.h */,
				BB1C6B962847949E003F5806 /* InboxMessageViewController.m */,
			);
			path = SampleProject;
			sourceTree = "<group>";
		};
		BB1C6B78284780A9003F5806 /* SampleProjectTests */ = {
			isa = PBXGroup;
			children = (
				BB1C6B79284780A9003F5806 /* SampleProjectTests.m */,
				BB1C6B7B284780A9003F5806 /* Info.plist */,
			);
			path = SampleProjectTests;
			sourceTree = "<group>";
		};
		BB1C6B83284780A9003F5806 /* SampleProjectUITests */ = {
			isa = PBXGroup;
			children = (
				BB1C6B84284780A9003F5806 /* SampleProjectUITests.m */,
				BB1C6B86284780A9003F5806 /* Info.plist */,
			);
			path = SampleProjectUITests;
			sourceTree = "<group>";
		};
		BB1C6BB92847A125003F5806 /* Frameworks */ = {
			isa = PBXGroup;
			children = (
				BB1C6BC22847A134003F5806 /* libc++.tbd */,
				BB1C6BBF2847A130003F5806 /* CoreServices.framework */,
				BB1C6BBE2847A12F003F5806 /* MobileCoreServices.framework */,
				BB1C6BBC2847A129003F5806 /* Security.framework */,
				BB1C6BBA2847A125003F5806 /* SystemConfiguration.framework */,
			);
			name = Frameworks;
			sourceTree = "<group>";
		};
		BB1C6BC42847B24D003F5806 /* AppICESDK */ = {
			isa = PBXGroup;
			children = (
				BB1C6BC52847B24D003F5806 /* libiosAppiceSDK_v1.7.35.a */,
				BB1C6BC62847B24D003F5806 /* include */,
				BB1C6BD02847B24D003F5806 /* appICEBundle.bundle */,
				BB1C6BD12847B24D003F5806 /* appICE.momd */,
			);
			path = AppICESDK;
			sourceTree = "<group>";
		};
		BB1C6BC62847B24D003F5806 /* include */ = {
			isa = PBXGroup;
			children = (
				BB1C6BC72847B24D003F5806 /* iosAppiceSDK */,
			);
			path = include;
			sourceTree = "<group>";
		};
		BB1C6BC72847B24D003F5806 /* iosAppiceSDK */ = {
			isa = PBXGroup;
			children = (
				BB1C6BC82847B24D003F5806 /* isrgrootx1.der */,
				BB1C6BC92847B24D003F5806 /* AppICEHelper.h */,
				BB1C6BCA2847B24D003F5806 /* appICE.h */,
				BB1C6BCB2847B24D003F5806 /* appICEUserDetails.h */,
				BB1C6BCC2847B24D003F5806 /* AppICEJSInterface.h */,
				BB1C6BCD2847B24D003F5806 /* lets-encrypt-r3.der */,
				BB1C6BCE2847B24D003F5806 /* BugfenderSDK.framework */,
				BB1C6BCF2847B24D003F5806 /* AppICEInboxMessage.h */,
			);
			path = iosAppiceSDK;
			sourceTree = "<group>";
		};
		BB1C6BD12847B24D003F5806 /* appICE.momd */ = {
			isa = PBXGroup;
			children = (
				BB1C6BD22847B24D003F5806 /* VersionInfo.plist */,
				BB1C6BD32847B24D003F5806 /* appICE 4.omo */,
				BB1C6BD42847B24D003F5806 /* appICE 3.mom */,
				BB1C6BD52847B24D003F5806 /* appICE 2.mom */,
				BB1C6BD62847B24D003F5806 /* appICE2.mom */,
				BB1C6BD72847B24D003F5806 /* appICE 4.mom */,
				BB1C6BD82847B24D003F5806 /* appICE.mom */,
			);
			path = appICE.momd;
			sourceTree = "<group>";
		};
/* End PBXGroup section */

/* Begin PBXNativeTarget section */
		BB1C6B59284780A1003F5806 /* SampleProject */ = {
			isa = PBXNativeTarget;
			buildConfigurationList = BB1C6B89284780A9003F5806 /* Build configuration list for PBXNativeTarget "SampleProject" */;
			buildPhases = (
				BB1C6B56284780A1003F5806 /* Sources */,
				BB1C6B57284780A1003F5806 /* Frameworks */,
				BB1C6B58284780A1003F5806 /* Resources */,
			);
			buildRules = (
			);
			dependencies = (
			);
			name = SampleProject;
			productName = SampleProject;
			productReference = BB1C6B5A284780A1003F5806 /* SampleProject.app */;
			productType = "com.apple.product-type.application";
		};
		BB1C6B74284780A9003F5806 /* SampleProjectTests */ = {
			isa = PBXNativeTarget;
			buildConfigurationList = BB1C6B8C284780A9003F5806 /* Build configuration list for PBXNativeTarget "SampleProjectTests" */;
			buildPhases = (
				BB1C6B71284780A9003F5806 /* Sources */,
				BB1C6B72284780A9003F5806 /* Frameworks */,
				BB1C6B73284780A9003F5806 /* Resources */,
			);
			buildRules = (
			);
			dependencies = (
				BB1C6B77284780A9003F5806 /* PBXTargetDependency */,
			);
			name = SampleProjectTests;
			productName = SampleProjectTests;
			productReference = BB1C6B75284780A9003F5806 /* SampleProjectTests.xctest */;
			productType = "com.apple.product-type.bundle.unit-test";
		};
		BB1C6B7F284780A9003F5806 /* SampleProjectUITests */ = {
			isa = PBXNativeTarget;
			buildConfigurationList = BB1C6B8F284780A9003F5806 /* Build configuration list for PBXNativeTarget "SampleProjectUITests" */;
			buildPhases = (
				BB1C6B7C284780A9003F5806 /* Sources */,
				BB1C6B7D284780A9003F5806 /* Frameworks */,
				BB1C6B7E284780A9003F5806 /* Resources */,
			);
			buildRules = (
			);
			dependencies = (
				BB1C6B82284780A9003F5806 /* PBXTargetDependency */,
			);
			name = SampleProjectUITests;
			productName = SampleProjectUITests;
			productReference = BB1C6B80284780A9003F5806 /* SampleProjectUITests.xctest */;
			productType = "com.apple.product-type.bundle.ui-testing";
		};
/* End PBXNativeTarget section */

/* Begin PBXProject section */
		BB1C6B52284780A1003F5806 /* Project object */ = {
			isa = PBXProject;
			attributes = {
				LastUpgradeCheck = 1160;
				ORGANIZATIONNAME = AIRBOOK;
				TargetAttributes = {
					BB1C6B59284780A1003F5806 = {
						CreatedOnToolsVersion = 11.6;
					};
					BB1C6B74284780A9003F5806 = {
						CreatedOnToolsVersion = 11.6;
						TestTargetID = BB1C6B59284780A1003F5806;
					};
					BB1C6B7F284780A9003F5806 = {
						CreatedOnToolsVersion = 11.6;
						TestTargetID = BB1C6B59284780A1003F5806;
					};
				};
			};
			buildConfigurationList = BB1C6B55284780A1003F5806 /* Build configuration list for PBXProject "SampleProject" */;
			compatibilityVersion = "Xcode 9.3";
			developmentRegion = en;
			hasScannedForEncodings = 0;
			knownRegions = (
				en,
				Base,
			);
			mainGroup = BB1C6B51284780A1003F5806;
			productRefGroup = BB1C6B5B284780A1003F5806 /* Products */;
			projectDirPath = "";
			projectRoot = "";
			targets = (
				BB1C6B59284780A1003F5806 /* SampleProject */,
				BB1C6B74284780A9003F5806 /* SampleProjectTests */,
				BB1C6B7F284780A9003F5806 /* SampleProjectUITests */,
			);
		};
/* End PBXProject section */

/* Begin PBXResourcesBuildPhase section */
		BB1C6B58284780A1003F5806 /* Resources */ = {
			isa = PBXResourcesBuildPhase;
			buildActionMask = 2147483647;
			files = (
				BB1C6B6D284780A8003F5806 /* LaunchScreen.storyboard in Resources */,
				BB1C6BDD2847B24D003F5806 /* appICEBundle.bundle in Resources */,
				BB1C6BDA2847B24D003F5806 /* isrgrootx1.der in Resources */,
				BB1C6BE02847B24D003F5806 /* appICE 3.mom in Resources */,
				BB1C6BDF2847B24D003F5806 /* appICE 4.omo in Resources */,
				BB1C6B6A284780A8003F5806 /* Assets.xcassets in Resources */,
				BB1C6BE22847B24D003F5806 /* appICE2.mom in Resources */,
				BB1C6BDB2847B24D003F5806 /* lets-encrypt-r3.der in Resources */,
				BB1C6BE12847B24D003F5806 /* appICE 2.mom in Resources */,
				BB1C6BE32847B24D003F5806 /* appICE 4.mom in Resources */,
				BB1C6BE42847B24D003F5806 /* appICE.mom in Resources */,
				BB1C6B68284780A2003F5806 /* Main.storyboard in Resources */,
				BB1C6BDE2847B24D003F5806 /* VersionInfo.plist in Resources */,
			);
			runOnlyForDeploymentPostprocessing = 0;
		};
		BB1C6B73284780A9003F5806 /* Resources */ = {
			isa = PBXResourcesBuildPhase;
			buildActionMask = 2147483647;
			files = (
			);
			runOnlyForDeploymentPostprocessing = 0;
		};
		BB1C6B7E284780A9003F5806 /* Resources */ = {
			isa = PBXResourcesBuildPhase;
			buildActionMask = 2147483647;
			files = (
			);
			runOnlyForDeploymentPostprocessing = 0;
		};
/* End PBXResourcesBuildPhase section */

/* Begin PBXSourcesBuildPhase section */
		BB1C6B56284780A1003F5806 /* Sources */ = {
			isa = PBXSourcesBuildPhase;
			buildActionMask = 2147483647;
			files = (
				BB1C6B65284780A2003F5806 /* ViewController.m in Sources */,
				BB1C6B5F284780A2003F5806 /* AppDelegate.m in Sources */,
				BB1C6B972847949E003F5806 /* InboxMessageViewController.m in Sources */,
				BB1C6B70284780A8003F5806 /* main.m in Sources */,
				BB1C6B62284780A2003F5806 /* SceneDelegate.m in Sources */,
			);
			runOnlyForDeploymentPostprocessing = 0;
		};
		BB1C6B71284780A9003F5806 /* Sources */ = {
			isa = PBXSourcesBuildPhase;
			buildActionMask = 2147483647;
			files = (
				BB1C6B7A284780A9003F5806 /* SampleProjectTests.m in Sources */,
			);
			runOnlyForDeploymentPostprocessing = 0;
		};
		BB1C6B7C284780A9003F5806 /* Sources */ = {
			isa = PBXSourcesBuildPhase;
			buildActionMask = 2147483647;
			files = (
				BB1C6B85284780A9003F5806 /* SampleProjectUITests.m in Sources */,
			);
			runOnlyForDeploymentPostprocessing = 0;
		};
/* End PBXSourcesBuildPhase section */

/* Begin PBXTargetDependency section */
		BB1C6B77284780A9003F5806 /* PBXTargetDependency */ = {
			isa = PBXTargetDependency;
			target = BB1C6B59284780A1003F5806 /* SampleProject */;
			targetProxy = BB1C6B76284780A9003F5806 /* PBXContainerItemProxy */;
		};
		BB1C6B82284780A9003F5806 /* PBXTargetDependency */ = {
			isa = PBXTargetDependency;
			target = BB1C6B59284780A1003F5806 /* SampleProject */;
			targetProxy = BB1C6B81284780A9003F5806 /* PBXContainerItemProxy */;
		};
/* End PBXTargetDependency section */

/* Begin PBXVariantGroup section */
		BB1C6B66284780A2003F5806 /* Main.storyboard */ = {
			isa = PBXVariantGroup;
			children = (
				BB1C6B67284780A2003F5806 /* Base */,
			);
			name = Main.storyboard;
			sourceTree = "<group>";
		};
		BB1C6B6B284780A8003F5806 /* LaunchScreen.storyboard */ = {
			isa = PBXVariantGroup;
			children = (
				BB1C6B6C284780A8003F5806 /* Base */,
			);
			name = LaunchScreen.storyboard;
			sourceTree = "<group>";
		};
/* End PBXVariantGroup section */

/* Begin XCBuildConfiguration section */
		BB1C6B87284780A9003F5806 /* Debug */ = {
			isa = XCBuildConfiguration;
			buildSettings = {
				ALWAYS_SEARCH_USER_PATHS = NO;
				CLANG_ANALYZER_NONNULL = YES;
				CLANG_ANALYZER_NUMBER_OBJECT_CONVERSION = YES_AGGRESSIVE;
				CLANG_CXX_LANGUAGE_STANDARD = "gnu++14";
				CLANG_CXX_LIBRARY = "libc++";
				CLANG_ENABLE_MODULES = YES;
				CLANG_ENABLE_OBJC_ARC = YES;
				CLANG_ENABLE_OBJC_WEAK = YES;
				CLANG_WARN_BLOCK_CAPTURE_AUTORELEASING = YES;
				CLANG_WARN_BOOL_CONVERSION = YES;
				CLANG_WARN_COMMA = YES;
				CLANG_WARN_CONSTANT_CONVERSION = YES;
				CLANG_WARN_DEPRECATED_OBJC_IMPLEMENTATIONS = YES;
				CLANG_WARN_DIRECT_OBJC_ISA_USAGE = YES_ERROR;
				CLANG_WARN_DOCUMENTATION_COMMENTS = YES;
				CLANG_WARN_EMPTY_BODY = YES;
				CLANG_WARN_ENUM_CONVERSION = YES;
				CLANG_WARN_INFINITE_RECURSION = YES;
				CLANG_WARN_INT_CONVERSION = YES;
				CLANG_WARN_NON_LITERAL_NULL_CONVERSION = YES;
				CLANG_WARN_OBJC_IMPLICIT_RETAIN_SELF = YES;
				CLANG_WARN_OBJC_LITERAL_CONVERSION = YES;
				CLANG_WARN_OBJC_ROOT_CLASS = YES_ERROR;
				CLANG_WARN_RANGE_LOOP_ANALYSIS = YES;
				CLANG_WARN_STRICT_PROTOTYPES = YES;
				CLANG_WARN_SUSPICIOUS_MOVE = YES;
				CLANG_WARN_UNGUARDED_AVAILABILITY = YES_AGGRESSIVE;
				CLANG_WARN_UNREACHABLE_CODE = YES;
				CLANG_WARN__DUPLICATE_METHOD_MATCH = YES;
				COPY_PHASE_STRIP = NO;
				DEBUG_INFORMATION_FORMAT = dwarf;
				ENABLE_STRICT_OBJC_MSGSEND = YES;
				ENABLE_TESTABILITY = YES;
				GCC_C_LANGUAGE_STANDARD = gnu11;
				GCC_DYNAMIC_NO_PIC = NO;
				GCC_NO_COMMON_BLOCKS = YES;
				GCC_OPTIMIZATION_LEVEL = 0;
				GCC_PREPROCESSOR_DEFINITIONS = (
					"DEBUG=1",
					"$(inherited)",
				);
				GCC_WARN_64_TO_32_BIT_CONVERSION = YES;
				GCC_WARN_ABOUT_RETURN_TYPE = YES_ERROR;
				GCC_WARN_UNDECLARED_SELECTOR = YES;
				GCC_WARN_UNINITIALIZED_AUTOS = YES_AGGRESSIVE;
				GCC_WARN_UNUSED_FUNCTION = YES;
				GCC_WARN_UNUSED_VARIABLE = YES;
				IPHONEOS_DEPLOYMENT_TARGET = 13.6;
				MTL_ENABLE_DEBUG_INFO = INCLUDE_SOURCE;
				MTL_FAST_MATH = YES;
				ONLY_ACTIVE_ARCH = YES;
				SDKROOT = iphoneos;
			};
			name = Debug;
		};
		BB1C6B88284780A9003F5806 /* Release */ = {
			isa = XCBuildConfiguration;
			buildSettings = {
				ALWAYS_SEARCH_USER_PATHS = NO;
				CLANG_ANALYZER_NONNULL = YES;
				CLANG_ANALYZER_NUMBER_OBJECT_CONVERSION = YES_AGGRESSIVE;
				CLANG_CXX_LANGUAGE_STANDARD = "gnu++14";
				CLANG_CXX_LIBRARY = "libc++";
				CLANG_ENABLE_MODULES = YES;
				CLANG_ENABLE_OBJC_ARC = YES;
				CLANG_ENABLE_OBJC_WEAK = YES;
				CLANG_WARN_BLOCK_CAPTURE_AUTORELEASING = YES;
				CLANG_WARN_BOOL_CONVERSION = YES;
				CLANG_WARN_COMMA = YES;
				CLANG_WARN_CONSTANT_CONVERSION = YES;
				CLANG_WARN_DEPRECATED_OBJC_IMPLEMENTATIONS = YES;
				CLANG_WARN_DIRECT_OBJC_ISA_USAGE = YES_ERROR;
				CLANG_WARN_DOCUMENTATION_COMMENTS = YES;
				CLANG_WARN_EMPTY_BODY = YES;
				CLANG_WARN_ENUM_CONVERSION = YES;
				CLANG_WARN_INFINITE_RECURSION = YES;
				CLANG_WARN_INT_CONVERSION = YES;
				CLANG_WARN_NON_LITERAL_NULL_CONVERSION = YES;
				CLANG_WARN_OBJC_IMPLICIT_RETAIN_SELF = YES;
				CLANG_WARN_OBJC_LITERAL_CONVERSION = YES;
				CLANG_WARN_OBJC_ROOT_CLASS = YES_ERROR;
				CLANG_WARN_RANGE_LOOP_ANALYSIS = YES;
				CLANG_WARN_STRICT_PROTOTYPES = YES;
				CLANG_WARN_SUSPICIOUS_MOVE = YES;
				CLANG_WARN_UNGUARDED_AVAILABILITY = YES_AGGRESSIVE;
				CLANG_WARN_UNREACHABLE_CODE = YES;
				CLANG_WARN__DUPLICATE_METHOD_MATCH = YES;
				COPY_PHASE_STRIP = NO;
				DEBUG_INFORMATION_FORMAT = "dwarf-with-dsym";
				ENABLE_NS_ASSERTIONS = NO;
				ENABLE_STRICT_OBJC_MSGSEND = YES;
				GCC_C_LANGUAGE_STANDARD = gnu11;
				GCC_NO_COMMON_BLOCKS = YES;
				GCC_WARN_64_TO_32_BIT_CONVERSION = YES;
				GCC_WARN_ABOUT_RETURN_TYPE = YES_ERROR;
				GCC_WARN_UNDECLARED_SELECTOR = YES;
				GCC_WARN_UNINITIALIZED_AUTOS = YES_AGGRESSIVE;
				GCC_WARN_UNUSED_FUNCTION = YES;
				GCC_WARN_UNUSED_VARIABLE = YES;
				IPHONEOS_DEPLOYMENT_TARGET = 13.6;
				MTL_ENABLE_DEBUG_INFO = NO;
				MTL_FAST_MATH = YES;
				SDKROOT = iphoneos;
				VALIDATE_PRODUCT = YES;
			};
			name = Release;
		};
		BB1C6B8A284780A9003F5806 /* Debug */ = {
			isa = XCBuildConfiguration;
			buildSettings = {
				ASSETCATALOG_COMPILER_APPICON_NAME = AppIcon;
				CODE_SIGN_ENTITLEMENTS = SampleProject/SampleProject.entitlements;
				CODE_SIGN_STYLE = Automatic;
				DEVELOPMENT_TEAM = 7C42LT37LT;
				FRAMEWORK_SEARCH_PATHS = (
					"$(inherited)",
					"$(PROJECT_DIR)/SampleProject/AppICESDK/include/iosAppiceSDK",
				);
				INFOPLIST_FILE = SampleProject/Info.plist;
				LD_RUNPATH_SEARCH_PATHS = (
					"$(inherited)",
					"@executable_path/Frameworks",
				);
				LIBRARY_SEARCH_PATHS = (
					"$(inherited)",
					"$(PROJECT_DIR)/SampleProject/AppICESDK",
				);
				PRODUCT_BUNDLE_IDENTIFIER = com.appice.ios.SampleProject;
				PRODUCT_NAME = "$(TARGET_NAME)";
				TARGETED_DEVICE_FAMILY = "1,2";
			};
			name = Debug;
		};
		BB1C6B8B284780A9003F5806 /* Release */ = {
			isa = XCBuildConfiguration;
			buildSettings = {
				ASSETCATALOG_COMPILER_APPICON_NAME = AppIcon;
				CODE_SIGN_ENTITLEMENTS = SampleProject/SampleProject.entitlements;
				CODE_SIGN_STYLE = Automatic;
				DEVELOPMENT_TEAM = 7C42LT37LT;
				FRAMEWORK_SEARCH_PATHS = (
					"$(inherited)",
					"$(PROJECT_DIR)/SampleProject/AppICESDK/include/iosAppiceSDK",
				);
				INFOPLIST_FILE = SampleProject/Info.plist;
				LD_RUNPATH_SEARCH_PATHS = (
					"$(inherited)",
					"@executable_path/Frameworks",
				);
				LIBRARY_SEARCH_PATHS = (
					"$(inherited)",
					"$(PROJECT_DIR)/SampleProject/AppICESDK",
				);
				PRODUCT_BUNDLE_IDENTIFIER = com.appice.ios.SampleProject;
				PRODUCT_NAME = "$(TARGET_NAME)";
				TARGETED_DEVICE_FAMILY = "1,2";
			};
			name = Release;
		};
		BB1C6B8D284780A9003F5806 /* Debug */ = {
			isa = XCBuildConfiguration;
			buildSettings = {
				BUNDLE_LOADER = "$(TEST_HOST)";
				CODE_SIGN_STYLE = Automatic;
				DEVELOPMENT_TEAM = 7C42LT37LT;
				INFOPLIST_FILE = SampleProjectTests/Info.plist;
				IPHONEOS_DEPLOYMENT_TARGET = 13.6;
				LD_RUNPATH_SEARCH_PATHS = (
					"$(inherited)",
					"@executable_path/Frameworks",
					"@loader_path/Frameworks",
				);
				PRODUCT_BUNDLE_IDENTIFIER = com.appice.ios.SampleProjectTests;
				PRODUCT_NAME = "$(TARGET_NAME)";
				TARGETED_DEVICE_FAMILY = "1,2";
				TEST_HOST = "$(BUILT_PRODUCTS_DIR)/SampleProject.app/SampleProject";
			};
			name = Debug;
		};
		BB1C6B8E284780A9003F5806 /* Release */ = {
			isa = XCBuildConfiguration;
			buildSettings = {
				BUNDLE_LOADER = "$(TEST_HOST)";
				CODE_SIGN_STYLE = Automatic;
				DEVELOPMENT_TEAM = 7C42LT37LT;
				INFOPLIST_FILE = SampleProjectTests/Info.plist;
				IPHONEOS_DEPLOYMENT_TARGET = 13.6;
				LD_RUNPATH_SEARCH_PATHS = (
					"$(inherited)",
					"@executable_path/Frameworks",
					"@loader_path/Frameworks",
				);
				PRODUCT_BUNDLE_IDENTIFIER = com.appice.ios.SampleProjectTests;
				PRODUCT_NAME = "$(TARGET_NAME)";
				TARGETED_DEVICE_FAMILY = "1,2";
				TEST_HOST = "$(BUILT_PRODUCTS_DIR)/SampleProject.app/SampleProject";
			};
			name = Release;
		};
		BB1C6B90284780A9003F5806 /* Debug */ = {
			isa = XCBuildConfiguration;
			buildSettings = {
				CODE_SIGN_STYLE = Automatic;
				DEVELOPMENT_TEAM = 7C42LT37LT;
				INFOPLIST_FILE = SampleProjectUITests/Info.plist;
				LD_RUNPATH_SEARCH_PATHS = (
					"$(inherited)",
					"@executable_path/Frameworks",
					"@loader_path/Frameworks",
				);
				PRODUCT_BUNDLE_IDENTIFIER = com.appice.ios.SampleProjectUITests;
				PRODUCT_NAME = "$(TARGET_NAME)";
				TARGETED_DEVICE_FAMILY = "1,2";
				TEST_TARGET_NAME = SampleProject;
			};
			name = Debug;
		};
		BB1C6B91284780A9003F5806 /* Release */ = {
			isa = XCBuildConfiguration;
			buildSettings = {
				CODE_SIGN_STYLE = Automatic;
				DEVELOPMENT_TEAM = 7C42LT37LT;
				INFOPLIST_FILE = SampleProjectUITests/Info.plist;
				LD_RUNPATH_SEARCH_PATHS = (
					"$(inherited)",
					"@executable_path/Frameworks",
					"@loader_path/Frameworks",
				);
				PRODUCT_BUNDLE_IDENTIFIER = com.appice.ios.SampleProjectUITests;
				PRODUCT_NAME = "$(TARGET_NAME)";
				TARGETED_DEVICE_FAMILY = "1,2";
				TEST_TARGET_NAME = SampleProject;
			};
			name = Release;
		};
/* End XCBuildConfiguration section */

/* Begin XCConfigurationList section */
		BB1C6B55284780A1003F5806 /* Build configuration list for PBXProject "SampleProject" */ = {
			isa = XCConfigurationList;
			buildConfigurations = (
				BB1C6B87284780A9003F5806 /* Debug */,
				BB1C6B88284780A9003F5806 /* Release */,
			);
			defaultConfigurationIsVisible = 0;
			defaultConfigurationName = Release;
		};
		BB1C6B89284780A9003F5806 /* Build configuration list for PBXNativeTarget "SampleProject" */ = {
			isa = XCConfigurationList;
			buildConfigurations = (
				BB1C6B8A284780A9003F5806 /* Debug */,
				BB1C6B8B284780A9003F5806 /* Release */,
			);
			defaultConfigurationIsVisible = 0;
			defaultConfigurationName = Release;
		};
		BB1C6B8C284780A9003F5806 /* Build configuration list for PBXNativeTarget "SampleProjectTests" */ = {
			isa = XCConfigurationList;
			buildConfigurations = (
				BB1C6B8D284780A9003F5806 /* Debug */,
				BB1C6B8E284780A9003F5806 /* Release */,
			);
			defaultConfigurationIsVisible = 0;
			defaultConfigurationName = Release;
		};
		BB1C6B8F284780A9003F5806 /* Build configuration list for PBXNativeTarget "SampleProjectUITests" */ = {
			isa = XCConfigurationList;
			buildConfigurations = (
				BB1C6B90284780A9003F5806 /* Debug */,
				BB1C6B91284780A9003F5806 /* Release */,
			);
			defaultConfigurationIsVisible = 0;
			defaultConfigurationName = Release;
		};
/* End XCConfigurationList section */
	};
	rootObject = BB1C6B52284780A1003F5806 /* Project object */;
}
